// !$*UTF8*$!
{
	archiveVersion = 1;
	classes = {
	};
	objectVersion = 48;
	objects = {

/* Begin PBXBuildFile section */
		60563D17CC1C9A3315782896 /* fs_texture.bin.h in Headers */ = {isa = PBXBuildFile; fileRef = 6FA97A785BBC7AD104A657BE /* fs_texture.bin.h */; };
		E030118F4C4D0380152570ED /* fs_texture_3d.bin.h in Headers */ = {isa = PBXBuildFile; fileRef = 8F4F8DD07BF8F4FFA48E107F /* fs_texture_3d.bin.h */; };
		CB492834B71E70E7E0CDAFE3 /* fs_texture_array.bin.h in Headers */ = {isa = PBXBuildFile; fileRef = 3AA1EA3AA6B292E12F042521 /* fs_texture_array.bin.h */; };
		2E4D1B339A340629A32208A5 /* fs_texture_cube.bin.h in Headers */ = {isa = PBXBuildFile; fileRef = DD56450BC9EA3AB332AF9467 /* fs_texture_cube.bin.h */; };
		5A22960446F7DDB76FA61DB4 /* fs_texture_cube2.bin.h in Headers */ = {isa = PBXBuildFile; fileRef = 52613FABBE72E75147C47991 /* fs_texture_cube2.bin.h */; };
		D6B002ED4298EDE24B86EF5E /* fs_texture_msdf.bin.h in Headers */ = {isa = PBXBuildFile; fileRef = 85D1ED1E7165E3C6DA293D7B /* fs_texture_msdf.bin.h */; };
		CC0C3136B8B66645A1876E60 /* fs_texture_sdf.bin.h in Headers */ = {isa = PBXBuildFile; fileRef = DB733FAA473A9CC690952A29 /* fs_texture_sdf.bin.h */; };
		DDDB5B0CC959ACA5B2516A3D /* texturev.cpp in Sources */ = {isa = PBXBuildFile; fileRef = F5DA68C461F5CB65AA17DCF9 /* texturev.cpp */; };
		3E6193D92AF5888193B9E235 /* vs_texture.bin.h in Headers */ = {isa = PBXBuildFile; fileRef = 8DF1A834F961ABADC2802536 /* vs_texture.bin.h */; };
		FFEE3CB06BD627A674C42922 /* vs_texture_cube.bin.h in Headers */ = {isa = PBXBuildFile; fileRef = 0E52E55BFAE5DA0363AA34B8 /* vs_texture_cube.bin.h */; };
		4E5DE41A3AF426D0E3A89DD0 /* libexample-commonDebug.a in Frameworks */ = {isa = PBXBuildFile; fileRef = 6FACA69EDB3F084DE4267803 /* libexample-commonDebug.a */; };
		C6A7759D32704321FB004C33 /* libbimg_decodeDebug.a in Frameworks */ = {isa = PBXBuildFile; fileRef = 15527AF00127C2A32AD601A0 /* libbimg_decodeDebug.a */; };
		EB54A3BDD7FD0AED0094266C /* libbimgDebug.a in Frameworks */ = {isa = PBXBuildFile; fileRef = FA9C50A56602E42BEFDA8504 /* libbimgDebug.a */; };
		8501A87871AA0FA89A402B27 /* libbgfxDebug.a in Frameworks */ = {isa = PBXBuildFile; fileRef = 54811653C0E6A9D949BF4BB2 /* libbgfxDebug.a */; };
		843D429A705042F3193A1FE0 /* libbxDebug.a in Frameworks */ = {isa = PBXBuildFile; fileRef = 3CEFD738A87E9923B17A7A3B /* libbxDebug.a */; };
/* End PBXBuildFile section */

/* Begin PBXContainerItemProxy section */
		ACC15A6E981ACBF1C114AD8B /* PBXContainerItemProxy */ = {
			isa = PBXContainerItemProxy;
			containerPortal = 311D25D41D4A7105462B1416 /* example-common.xcodeproj */;
			proxyType = 2;
			remoteGlobalIDString = 9D8CE35A09FB38DA52E4F3D9;
			remoteInfo = "libexample-commonDebug.a";
		};
		866345F972BCB57C9BB69716 /* PBXContainerItemProxy */ = {
			isa = PBXContainerItemProxy;
			containerPortal = 311D25D41D4A7105462B1416 /* example-common.xcodeproj */;
			proxyType = 1;
			remoteGlobalIDString = E3DC407FCF2D2CC1F8911A83;
			remoteInfo = "libexample-commonDebug.a";
		};
		B21E787B1EE949D667EF48FB /* PBXContainerItemProxy */ = {
			isa = PBXContainerItemProxy;
			containerPortal = 1703694A83217D17CCEE8229 /* bimg_decode.xcodeproj */;
			proxyType = 2;
			remoteGlobalIDString = 7D6367F06989315752CFB622;
			remoteInfo = "libbimg_decodeDebug.a";
		};
		2C701058983AE2B2E140E1D7 /* PBXContainerItemProxy */ = {
			isa = PBXContainerItemProxy;
			containerPortal = 1703694A83217D17CCEE8229 /* bimg_decode.xcodeproj */;
			proxyType = 1;
			remoteGlobalIDString = C35735362F701C60F81CACF9;
			remoteInfo = "libbimg_decodeDebug.a";
		};
		005FEE68ECC9AE7495E513DA /* PBXContainerItemProxy */ = {
			isa = PBXContainerItemProxy;
			containerPortal = C5E6D74CB12582C85AA85EFA /* bimg.xcodeproj */;
			proxyType = 2;
			remoteGlobalIDString = 5ACAB1E8C601FA7FCF0B5EA3;
			remoteInfo = "libbimgDebug.a";
		};
		9A2B1CA88696DCB32FB24119 /* PBXContainerItemProxy */ = {
			isa = PBXContainerItemProxy;
			containerPortal = C5E6D74CB12582C85AA85EFA /* bimg.xcodeproj */;
			proxyType = 1;
			remoteGlobalIDString = 00D72F0FECD05861D53DEF71;
			remoteInfo = "libbimgDebug.a";
		};
		314274F31DAD34FFC6C89964 /* PBXContainerItemProxy */ = {
			isa = PBXContainerItemProxy;
			containerPortal = F6286A04E26714808BEAF0B1 /* bgfx.xcodeproj */;
			proxyType = 2;
			remoteGlobalIDString = 02DC17D86E13606F771DC492;
			remoteInfo = "libbgfxDebug.a";
		};
		CB0EA232B779623E6095C7A3 /* PBXContainerItemProxy */ = {
			isa = PBXContainerItemProxy;
			containerPortal = F6286A04E26714808BEAF0B1 /* bgfx.xcodeproj */;
			proxyType = 1;
			remoteGlobalIDString = A853C66B944DEFBD7DBA85CE;
			remoteInfo = "libbgfxDebug.a";
		};
		99A0CFF5857517A9AE2457A5 /* PBXContainerItemProxy */ = {
			isa = PBXContainerItemProxy;
			containerPortal = 9EA257CC8A4BBFFBB3E1DA7A /* bx.xcodeproj */;
			proxyType = 2;
			remoteGlobalIDString = D5D335834140F17D0A3489DB;
			remoteInfo = "libbxDebug.a";
		};
		F3D889C1DFADD174085D1171 /* PBXContainerItemProxy */ = {
			isa = PBXContainerItemProxy;
			containerPortal = 9EA257CC8A4BBFFBB3E1DA7A /* bx.xcodeproj */;
			proxyType = 1;
			remoteGlobalIDString = 1B1D4BC607ACD48FB0CAE88A;
			remoteInfo = "libbxDebug.a";
		};
/* End PBXContainerItemProxy section */

/* Begin PBXFileReference section */
		FAB572B6667A71A62FE0A170 /* common.sh */ = {isa = PBXFileReference; lastKnownFileType = text; name = "common.sh"; path = "common.sh"; sourceTree = "<group>"; };
		6FA97A785BBC7AD104A657BE /* fs_texture.bin.h */ = {isa = PBXFileReference; lastKnownFileType = sourcecode.c.h; name = "fs_texture.bin.h"; path = "fs_texture.bin.h"; sourceTree = "<group>"; };
		58937248C4ADD5E90DD0E57D /* fs_texture.sc */ = {isa = PBXFileReference; lastKnownFileType = text; name = "fs_texture.sc"; path = "fs_texture.sc"; sourceTree = "<group>"; };
		8F4F8DD07BF8F4FFA48E107F /* fs_texture_3d.bin.h */ = {isa = PBXFileReference; lastKnownFileType = sourcecode.c.h; name = "fs_texture_3d.bin.h"; path = "fs_texture_3d.bin.h"; sourceTree = "<group>"; };
		38EE2D4AA45E30C36D7DAA4B /* fs_texture_3d.sc */ = {isa = PBXFileReference; lastKnownFileType = text; name = "fs_texture_3d.sc"; path = "fs_texture_3d.sc"; sourceTree = "<group>"; };
		3AA1EA3AA6B292E12F042521 /* fs_texture_array.bin.h */ = {isa = PBXFileReference; lastKnownFileType = sourcecode.c.h; name = "fs_texture_array.bin.h"; path = "fs_texture_array.bin.h"; sourceTree = "<group>"; };
		83F0CA406F993270982F4EEF /* fs_texture_array.sc */ = {isa = PBXFileReference; lastKnownFileType = text; name = "fs_texture_array.sc"; path = "fs_texture_array.sc"; sourceTree = "<group>"; };
		DD56450BC9EA3AB332AF9467 /* fs_texture_cube.bin.h */ = {isa = PBXFileReference; lastKnownFileType = sourcecode.c.h; name = "fs_texture_cube.bin.h"; path = "fs_texture_cube.bin.h"; sourceTree = "<group>"; };
		C6B0D28B32EC324F3BE1AFDE /* fs_texture_cube.sc */ = {isa = PBXFileReference; lastKnownFileType = text; name = "fs_texture_cube.sc"; path = "fs_texture_cube.sc"; sourceTree = "<group>"; };
		52613FABBE72E75147C47991 /* fs_texture_cube2.bin.h */ = {isa = PBXFileReference; lastKnownFileType = sourcecode.c.h; name = "fs_texture_cube2.bin.h"; path = "fs_texture_cube2.bin.h"; sourceTree = "<group>"; };
		12AA0C61FE52749027E98F0F /* fs_texture_cube2.sc */ = {isa = PBXFileReference; lastKnownFileType = text; name = "fs_texture_cube2.sc"; path = "fs_texture_cube2.sc"; sourceTree = "<group>"; };
		85D1ED1E7165E3C6DA293D7B /* fs_texture_msdf.bin.h */ = {isa = PBXFileReference; lastKnownFileType = sourcecode.c.h; name = "fs_texture_msdf.bin.h"; path = "fs_texture_msdf.bin.h"; sourceTree = "<group>"; };
		6EEC0414DA2765D7E31CE266 /* fs_texture_msdf.sc */ = {isa = PBXFileReference; lastKnownFileType = text; name = "fs_texture_msdf.sc"; path = "fs_texture_msdf.sc"; sourceTree = "<group>"; };
		DB733FAA473A9CC690952A29 /* fs_texture_sdf.bin.h */ = {isa = PBXFileReference; lastKnownFileType = sourcecode.c.h; name = "fs_texture_sdf.bin.h"; path = "fs_texture_sdf.bin.h"; sourceTree = "<group>"; };
		44A66F9C3024C035191C7ECD /* fs_texture_sdf.sc */ = {isa = PBXFileReference; lastKnownFileType = text; name = "fs_texture_sdf.sc"; path = "fs_texture_sdf.sc"; sourceTree = "<group>"; };
		FA6284B5662783A52F8DB36F /* makefile */ = {isa = PBXFileReference; lastKnownFileType = text; name = "makefile"; path = "makefile"; sourceTree = "<group>"; };
		F5DA68C461F5CB65AA17DCF9 /* texturev.cpp */ = {isa = PBXFileReference; lastKnownFileType = sourcecode.cpp.cpp; name = "texturev.cpp"; path = "texturev.cpp"; sourceTree = "<group>"; };
		37B71F09A31CB38F2CF55468 /* varying.def.sc */ = {isa = PBXFileReference; lastKnownFileType = text; name = "varying.def.sc"; path = "varying.def.sc"; sourceTree = "<group>"; };
		8DF1A834F961ABADC2802536 /* vs_texture.bin.h */ = {isa = PBXFileReference; lastKnownFileType = sourcecode.c.h; name = "vs_texture.bin.h"; path = "vs_texture.bin.h"; sourceTree = "<group>"; };
		36A09211220859DF8B736DF5 /* vs_texture.sc */ = {isa = PBXFileReference; lastKnownFileType = text; name = "vs_texture.sc"; path = "vs_texture.sc"; sourceTree = "<group>"; };
		0E52E55BFAE5DA0363AA34B8 /* vs_texture_cube.bin.h */ = {isa = PBXFileReference; lastKnownFileType = sourcecode.c.h; name = "vs_texture_cube.bin.h"; path = "vs_texture_cube.bin.h"; sourceTree = "<group>"; };
		9711FC2B034D5CEF0C42D97E /* vs_texture_cube.sc */ = {isa = PBXFileReference; lastKnownFileType = text; name = "vs_texture_cube.sc"; path = "vs_texture_cube.sc"; sourceTree = "<group>"; };
		046A3A7A70D6F57439CA8DD2 /* texturev.app */ = {isa = PBXFileReference; explicitFileType = wrapper.application; includeInIndex = 0; name = "texturev.app"; path = "texturev.app"; sourceTree = BUILT_PRODUCTS_DIR; };
		311D25D41D4A7105462B1416 /* example-common.xcodeproj */ = {isa = PBXFileReference; lastKnownFileType = "wrapper.pb-project"; name = "example-common.xcodeproj"; path = "example-common.xcodeproj"; sourceTree = SOURCE_ROOT; };
		1703694A83217D17CCEE8229 /* bimg_decode.xcodeproj */ = {isa = PBXFileReference; lastKnownFileType = "wrapper.pb-project"; name = "bimg_decode.xcodeproj"; path = "bimg_decode.xcodeproj"; sourceTree = SOURCE_ROOT; };
		C5E6D74CB12582C85AA85EFA /* bimg.xcodeproj */ = {isa = PBXFileReference; lastKnownFileType = "wrapper.pb-project"; name = "bimg.xcodeproj"; path = "bimg.xcodeproj"; sourceTree = SOURCE_ROOT; };
		F6286A04E26714808BEAF0B1 /* bgfx.xcodeproj */ = {isa = PBXFileReference; lastKnownFileType = "wrapper.pb-project"; name = "bgfx.xcodeproj"; path = "bgfx.xcodeproj"; sourceTree = SOURCE_ROOT; };
		9EA257CC8A4BBFFBB3E1DA7A /* bx.xcodeproj */ = {isa = PBXFileReference; lastKnownFileType = "wrapper.pb-project"; name = "bx.xcodeproj"; path = "bx.xcodeproj"; sourceTree = SOURCE_ROOT; };
/* End PBXFileReference section */

/* Begin PBXFrameworksBuildPhase section */
		2B11342917D4644DC02176C9 /* Frameworks */ = {
			isa = PBXFrameworksBuildPhase;
			buildActionMask = 2147483647;
			files = (
				4E5DE41A3AF426D0E3A89DD0 /* libexample-commonDebug.a in Frameworks */,
				C6A7759D32704321FB004C33 /* libbimg_decodeDebug.a in Frameworks */,
				EB54A3BDD7FD0AED0094266C /* libbimgDebug.a in Frameworks */,
				8501A87871AA0FA89A402B27 /* libbgfxDebug.a in Frameworks */,
				843D429A705042F3193A1FE0 /* libbxDebug.a in Frameworks */,
			);
			runOnlyForDeploymentPostprocessing = 0;
		};
/* End PBXFrameworksBuildPhase section */

/* Begin PBXGroup section */
		5642661CC2AE21178BA2B974 /* texturev */ = {
			isa = PBXGroup;
			children = (
				C1003C79ADE4FCCE1645F721 /* tools */,
				1B8CCE780786F7CAF0F28DDB /* Products */,
				32559FB61E4FC80807BC5E19 /* Projects */,
			);
			name = "texturev";
			path = ".";
			sourceTree = "<group>";
		};
		C1003C79ADE4FCCE1645F721 /* tools */ = {
			isa = PBXGroup;
			children = (
				385002EEA45D30D42D442CBF /* texturev */,
			);
			name = "tools";
			path = "../../../tools";
			sourceTree = "<group>";
		};
		385002EEA45D30D42D442CBF /* texturev */ = {
			isa = PBXGroup;
			children = (
				FAB572B6667A71A62FE0A170 /* common.sh */,
				6FA97A785BBC7AD104A657BE /* fs_texture.bin.h */,
				58937248C4ADD5E90DD0E57D /* fs_texture.sc */,
				8F4F8DD07BF8F4FFA48E107F /* fs_texture_3d.bin.h */,
				38EE2D4AA45E30C36D7DAA4B /* fs_texture_3d.sc */,
				3AA1EA3AA6B292E12F042521 /* fs_texture_array.bin.h */,
				83F0CA406F993270982F4EEF /* fs_texture_array.sc */,
				DD56450BC9EA3AB332AF9467 /* fs_texture_cube.bin.h */,
				C6B0D28B32EC324F3BE1AFDE /* fs_texture_cube.sc */,
				52613FABBE72E75147C47991 /* fs_texture_cube2.bin.h */,
				12AA0C61FE52749027E98F0F /* fs_texture_cube2.sc */,
				85D1ED1E7165E3C6DA293D7B /* fs_texture_msdf.bin.h */,
				6EEC0414DA2765D7E31CE266 /* fs_texture_msdf.sc */,
				DB733FAA473A9CC690952A29 /* fs_texture_sdf.bin.h */,
				44A66F9C3024C035191C7ECD /* fs_texture_sdf.sc */,
				FA6284B5662783A52F8DB36F /* makefile */,
				F5DA68C461F5CB65AA17DCF9 /* texturev.cpp */,
				37B71F09A31CB38F2CF55468 /* varying.def.sc */,
				8DF1A834F961ABADC2802536 /* vs_texture.bin.h */,
				36A09211220859DF8B736DF5 /* vs_texture.sc */,
				0E52E55BFAE5DA0363AA34B8 /* vs_texture_cube.bin.h */,
				9711FC2B034D5CEF0C42D97E /* vs_texture_cube.sc */,
			);
			name = "texturev";
			path = "texturev";
			sourceTree = "<group>";
		};
		1B8CCE780786F7CAF0F28DDB /* Products */ = {
			isa = PBXGroup;
			children = (
				046A3A7A70D6F57439CA8DD2 /* texturev.app */,
			);
			name = "Products";
			sourceTree = "<group>";
		};
		32559FB61E4FC80807BC5E19 /* Projects */ = {
			isa = PBXGroup;
			children = (
				311D25D41D4A7105462B1416 /* example-common.xcodeproj */,
				1703694A83217D17CCEE8229 /* bimg_decode.xcodeproj */,
				C5E6D74CB12582C85AA85EFA /* bimg.xcodeproj */,
				F6286A04E26714808BEAF0B1 /* bgfx.xcodeproj */,
				9EA257CC8A4BBFFBB3E1DA7A /* bx.xcodeproj */,
			);
			name = "Projects";
			path = ".";
			sourceTree = "<group>";
		};
		CBA455F43790685540696FCE /* Products */ = {
			isa = PBXGroup;
			children = (
				6FACA69EDB3F084DE4267803 /* libexample-commonDebug.a */,
			);
			name = Products;
			sourceTree = "<group>";
		};
		713D32B45D6A7EE5864B21F6 /* Products */ = {
			isa = PBXGroup;
			children = (
				15527AF00127C2A32AD601A0 /* libbimg_decodeDebug.a */,
			);
			name = Products;
			sourceTree = "<group>";
		};
		DF14587A4BD200B1D49CEC18 /* Products */ = {
			isa = PBXGroup;
			children = (
				FA9C50A56602E42BEFDA8504 /* libbimgDebug.a */,
			);
			name = Products;
			sourceTree = "<group>";
		};
		F0D525EB5C93CE21E55DBA89 /* Products */ = {
			isa = PBXGroup;
			children = (
				54811653C0E6A9D949BF4BB2 /* libbgfxDebug.a */,
			);
			name = Products;
			sourceTree = "<group>";
		};
		98130D4404FBF7390DE9F9B5 /* Products */ = {
			isa = PBXGroup;
			children = (
				3CEFD738A87E9923B17A7A3B /* libbxDebug.a */,
			);
			name = Products;
			sourceTree = "<group>";
		};
/* End PBXGroup section */

/* Begin PBXNativeTarget section */
		6A29EE6856B87732FFD68B2D /* texturev */ = {
			isa = PBXNativeTarget;
			buildConfigurationList = A769E227932C134C3C7A24C8 /* Build configuration list for PBXNativeTarget "texturev" */;
			buildPhases = (
				8931532875F4834C1E4295C8 /* Resources */,
				81BFC3286D82F44C16D005C9 /* Sources */,
				2B11342917D4644DC02176C9 /* Frameworks */,
			);
			buildRules = (
			);
			dependencies = (
				37A4D52DA38FE88EAC68EF07 /* PBXTargetDependency */,
				BDEF640CA91CB13DD2FD534E /* PBXTargetDependency */,
				8B8C5221F749FB578014E7BF /* PBXTargetDependency */,
				9C4D2092080BC9C891D5B430 /* PBXTargetDependency */,
				84667183F04D5C79F93B5EF5 /* PBXTargetDependency */,
			);
			name = "texturev";
			productInstallPath = "$(HOME)/Applications";
			productName = "texturev";
			productReference = 046A3A7A70D6F57439CA8DD2 /* texturev.app */;
			productType = "com.apple.product-type.application";
		};
/* End PBXNativeTarget section */

/* Begin PBXProject section */
		__RootObject_ /* Project object */ = {
			isa = PBXProject;
			buildConfigurationList = 1DEB928908733DD80010E9CD /* Build configuration list for PBXProject "texturev" */;
			compatibilityVersion = "Xcode 8.0";
			hasScannedForEncodings = 1;
			mainGroup = 5642661CC2AE21178BA2B974 /* texturev */;
			projectDirPath = "";
			projectReferences = (
				{
					ProductGroup = CBA455F43790685540696FCE /* Products */;
					ProjectRef = 311D25D41D4A7105462B1416 /* example-common.xcodeproj */;
				},
				{
					ProductGroup = 713D32B45D6A7EE5864B21F6 /* Products */;
					ProjectRef = 1703694A83217D17CCEE8229 /* bimg_decode.xcodeproj */;
				},
				{
					ProductGroup = DF14587A4BD200B1D49CEC18 /* Products */;
					ProjectRef = C5E6D74CB12582C85AA85EFA /* bimg.xcodeproj */;
				},
				{
					ProductGroup = F0D525EB5C93CE21E55DBA89 /* Products */;
					ProjectRef = F6286A04E26714808BEAF0B1 /* bgfx.xcodeproj */;
				},
				{
					ProductGroup = 98130D4404FBF7390DE9F9B5 /* Products */;
					ProjectRef = 9EA257CC8A4BBFFBB3E1DA7A /* bx.xcodeproj */;
				},
			);
			projectRoot = "";
			targets = (
				6A29EE6856B87732FFD68B2D /* texturev.app */,
			);
		};
/* End PBXProject section */

/* Begin PBXReferenceProxy section */
		6FACA69EDB3F084DE4267803 /* libexample-commonDebug.a */ = {
			isa = PBXReferenceProxy;
			fileType = archive.ar;
			path = "../../ios-arm/bin/libexample-commonDebug.a";
			remoteRef = ACC15A6E981ACBF1C114AD8B /* PBXContainerItemProxy */;
			sourceTree = BUILT_PRODUCTS_DIR;
		};
		15527AF00127C2A32AD601A0 /* libbimg_decodeDebug.a */ = {
			isa = PBXReferenceProxy;
			fileType = archive.ar;
			path = "../../ios-arm/bin/libbimg_decodeDebug.a";
			remoteRef = B21E787B1EE949D667EF48FB /* PBXContainerItemProxy */;
			sourceTree = BUILT_PRODUCTS_DIR;
		};
		FA9C50A56602E42BEFDA8504 /* libbimgDebug.a */ = {
			isa = PBXReferenceProxy;
			fileType = archive.ar;
			path = "../../ios-arm/bin/libbimgDebug.a";
			remoteRef = 005FEE68ECC9AE7495E513DA /* PBXContainerItemProxy */;
			sourceTree = BUILT_PRODUCTS_DIR;
		};
		54811653C0E6A9D949BF4BB2 /* libbgfxDebug.a */ = {
			isa = PBXReferenceProxy;
			fileType = archive.ar;
			path = "../../ios-arm/bin/libbgfxDebug.a";
			remoteRef = 314274F31DAD34FFC6C89964 /* PBXContainerItemProxy */;
			sourceTree = BUILT_PRODUCTS_DIR;
		};
		3CEFD738A87E9923B17A7A3B /* libbxDebug.a */ = {
			isa = PBXReferenceProxy;
			fileType = archive.ar;
			path = "../../ios-arm/bin/libbxDebug.a";
			remoteRef = 99A0CFF5857517A9AE2457A5 /* PBXContainerItemProxy */;
			sourceTree = BUILT_PRODUCTS_DIR;
		};
/* End PBXReferenceProxy section */

/* Begin PBXResourcesBuildPhase section */
		8931532875F4834C1E4295C8 /* Resources */ = {
			isa = PBXResourcesBuildPhase;
			buildActionMask = 2147483647;
			files = (
			);
			runOnlyForDeploymentPostprocessing = 0;
		};
/* End PBXResourcesBuildPhase section */

/* Begin PBXSourcesBuildPhase section */
		81BFC3286D82F44C16D005C9 /* Sources */ = {
			isa = PBXSourcesBuildPhase;
			buildActionMask = 2147483647;
			files = (
				DDDB5B0CC959ACA5B2516A3D /* texturev.cpp in Sources */,
			);
			runOnlyForDeploymentPostprocessing = 0;
		};
/* End PBXSourcesBuildPhase section */

/* Begin PBXVariantGroup section */
/* End PBXVariantGroup section */

/* Begin PBXTargetDependency section */
		37A4D52DA38FE88EAC68EF07 /* PBXTargetDependency */ = {
			isa = PBXTargetDependency;
			name = "libexample-commonDebug.a";
			targetProxy = 866345F972BCB57C9BB69716 /* PBXContainerItemProxy */;
		};
		BDEF640CA91CB13DD2FD534E /* PBXTargetDependency */ = {
			isa = PBXTargetDependency;
			name = "libbimg_decodeDebug.a";
			targetProxy = 2C701058983AE2B2E140E1D7 /* PBXContainerItemProxy */;
		};
		8B8C5221F749FB578014E7BF /* PBXTargetDependency */ = {
			isa = PBXTargetDependency;
			name = "libbimgDebug.a";
			targetProxy = 9A2B1CA88696DCB32FB24119 /* PBXContainerItemProxy */;
		};
		9C4D2092080BC9C891D5B430 /* PBXTargetDependency */ = {
			isa = PBXTargetDependency;
			name = "libbgfxDebug.a";
			targetProxy = CB0EA232B779623E6095C7A3 /* PBXContainerItemProxy */;
		};
		84667183F04D5C79F93B5EF5 /* PBXTargetDependency */ = {
			isa = PBXTargetDependency;
			name = "libbxDebug.a";
			targetProxy = F3D889C1DFADD174085D1171 /* PBXContainerItemProxy */;
		};
/* End PBXTargetDependency section */

/* Begin XCBuildConfiguration section */
		3A7703EDA68FEA166F3C7AB0 /* Debug */ = {
			isa = XCBuildConfiguration;
			buildSettings = {
				ALWAYS_SEARCH_USER_PATHS = NO;
				CONFIGURATION_BUILD_DIR = "../../ios-arm/bin";
				GCC_DYNAMIC_NO_PIC = NO;
				GCC_MODEL_TUNING = G5;
				INSTALL_PATH = "$(HOME)/Applications";
				IPHONEOS_DEPLOYMENT_TARGET = 8.0;
				PRODUCT_NAME = texturevDebug;
			};
			name = Debug;
		};
		F4A41972608828B2698B56EE /* Release */ = {
			isa = XCBuildConfiguration;
			buildSettings = {
				ALWAYS_SEARCH_USER_PATHS = NO;
				CONFIGURATION_BUILD_DIR = "../../ios-arm/bin";
				GCC_DYNAMIC_NO_PIC = NO;
				GCC_MODEL_TUNING = G5;
				INSTALL_PATH = "$(HOME)/Applications";
				IPHONEOS_DEPLOYMENT_TARGET = 8.0;
				PRODUCT_NAME = texturevRelease;
			};
			name = Release;
		};
		08AC4566F492075E9DE36D7B /* Debug */ = {
			isa = XCBuildConfiguration;
			buildSettings = {
				CLANG_CXX_LANGUAGE_STANDARD = "c++14";
				CLANG_WARN_BLOCK_CAPTURE_AUTORELEASING = YES;
				CLANG_WARN_BOOL_CONVERSION = YES;
				CLANG_WARN_COMMA = YES;
				CLANG_WARN_CONSTANT_CONVERSION = YES;
				CLANG_WARN_EMPTY_BODY = YES;
				CLANG_WARN_ENUM_CONVERSION = YES;
				CLANG_WARN_INFINITE_RECURSION = YES;
				CLANG_WARN_INT_CONVERSION = YES;
				CLANG_WARN_NON_LITERAL_NULL_CONVERSION = YES;
				CLANG_WARN_OBJC_LITERAL_CONVERSION = YES;
				CLANG_WARN_RANGE_LOOP_ANALYSIS = YES;
				CLANG_WARN_STRICT_PROTOTYPES = YES;
				CLANG_WARN_SUSPICIOUS_MOVE = YES;
				CLANG_WARN_UNREACHABLE_CODE = YES;
				CLANG_WARN__DUPLICATE_METHOD_MATCH = YES;
				CONFIGURATION_BUILD_DIR = "$(SYMROOT)";
				CONFIGURATION_TEMP_DIR = "$(OBJROOT)";
				COPY_PHASE_STRIP = NO;
				ENABLE_STRICT_OBJC_MSGSEND = YES;
				ENABLE_TESTABILITY = YES;
				GCC_C_LANGUAGE_STANDARD = gnu99;
				GCC_ENABLE_CPP_EXCEPTIONS = NO;
				GCC_ENABLE_CPP_RTTI = NO;
				GCC_ENABLE_OBJC_EXCEPTIONS = NO;
				GCC_NO_COMMON_BLOCKS = YES;
				GCC_OPTIMIZATION_LEVEL = 0;
				GCC_PREPROCESSOR_DEFINITIONS = (
					__STDC_LIMIT_MACROS,
					__STDC_FORMAT_MACROS,
					__STDC_CONSTANT_MACROS,
					_DEBUG,
					"BX_CONFIG_DEBUG=1",
				);
				GCC_SYMBOLS_PRIVATE_EXTERN = NO;
				GCC_WARN_64_TO_32_BIT_CONVERSION = YES;
				GCC_WARN_ABOUT_RETURN_TYPE = YES;
				GCC_WARN_UNDECLARED_SELECTOR = YES;
				GCC_WARN_UNINITIALIZED_AUTOS = YES;
				GCC_WARN_UNUSED_FUNCTION = YES;
				GCC_WARN_UNUSED_VARIABLE = YES;
				HEADER_SEARCH_PATHS = (
					../../../../bx/include/compat/ios,
					../../../../bimg/include,
					../../../include,
					../../../3rdparty,
					../../../examples/common,
					../../../../bx/include,
				);
				OBJROOT = "../../ios-arm/obj/Debug/texturev";
				ONLY_ACTIVE_ARCH = YES;
				OTHER_CFLAGS = (
					"-ffast-math",
					"-fomit-frame-pointer",
					"-Wfatal-errors",
					"-Wunused-value",
					"-Wundef",
				);
				OTHER_CPLUSPLUSFLAGS = (
					"-ffast-math",
					"-fomit-frame-pointer",
					"-Wfatal-errors",
					"-Wunused-value",
					"-Wundef",
				);
				OTHER_LDFLAGS = (
					"-lc++",
					"-framework CoreFoundation",
					"-framework Foundation",
					"-framework IOKit",
					"-framework OpenGLES",
					"-framework QuartzCore",
					"-framework UIKit",
				);
				SDKROOT = iphoneos;
				STANDARD_C_PLUS_PLUS_LIBRARY_TYPE = static;
				SYMROOT = "../../ios-arm/bin";
				WARNING_CFLAGS = "-Wall";
			};
			name = Debug;
		};
		C330D81AAF82AF0A98A1EC1A /* Release */ = {
			isa = XCBuildConfiguration;
			buildSettings = {
				CLANG_CXX_LANGUAGE_STANDARD = "c++14";
				CLANG_WARN_BLOCK_CAPTURE_AUTORELEASING = YES;
				CLANG_WARN_BOOL_CONVERSION = YES;
				CLANG_WARN_COMMA = YES;
				CLANG_WARN_CONSTANT_CONVERSION = YES;
				CLANG_WARN_EMPTY_BODY = YES;
				CLANG_WARN_ENUM_CONVERSION = YES;
				CLANG_WARN_INFINITE_RECURSION = YES;
				CLANG_WARN_INT_CONVERSION = YES;
				CLANG_WARN_NON_LITERAL_NULL_CONVERSION = YES;
				CLANG_WARN_OBJC_LITERAL_CONVERSION = YES;
				CLANG_WARN_RANGE_LOOP_ANALYSIS = YES;
				CLANG_WARN_STRICT_PROTOTYPES = YES;
				CLANG_WARN_SUSPICIOUS_MOVE = YES;
				CLANG_WARN_UNREACHABLE_CODE = YES;
				CLANG_WARN__DUPLICATE_METHOD_MATCH = YES;
				CONFIGURATION_BUILD_DIR = "$(SYMROOT)";
				CONFIGURATION_TEMP_DIR = "$(OBJROOT)";
				COPY_PHASE_STRIP = NO;
				ENABLE_STRICT_OBJC_MSGSEND = YES;
				ENABLE_TESTABILITY = YES;
				GCC_C_LANGUAGE_STANDARD = gnu99;
				GCC_ENABLE_CPP_EXCEPTIONS = NO;
				GCC_ENABLE_CPP_RTTI = NO;
				GCC_ENABLE_OBJC_EXCEPTIONS = NO;
				GCC_NO_COMMON_BLOCKS = YES;
				GCC_OPTIMIZATION_LEVEL = 3;
				GCC_PREPROCESSOR_DEFINITIONS = (
					__STDC_LIMIT_MACROS,
					__STDC_FORMAT_MACROS,
					__STDC_CONSTANT_MACROS,
					NDEBUG,
					"BX_CONFIG_DEBUG=0",
				);
				GCC_SYMBOLS_PRIVATE_EXTERN = NO;
				GCC_WARN_64_TO_32_BIT_CONVERSION = YES;
				GCC_WARN_ABOUT_RETURN_TYPE = YES;
				GCC_WARN_UNDECLARED_SELECTOR = YES;
				GCC_WARN_UNINITIALIZED_AUTOS = YES;
				GCC_WARN_UNUSED_FUNCTION = YES;
				GCC_WARN_UNUSED_VARIABLE = YES;
				HEADER_SEARCH_PATHS = (
					../../../../bx/include/compat/ios,
					../../../../bimg/include,
					../../../include,
					../../../3rdparty,
					../../../examples/common,
					../../../../bx/include,
				);
				OBJROOT = "../../ios-arm/obj/Release/texturev";
				ONLY_ACTIVE_ARCH = YES;
				OTHER_CFLAGS = (
					"-ffast-math",
					"-fomit-frame-pointer",
					"-Wfatal-errors",
					"-Wunused-value",
					"-Wundef",
				);
				OTHER_CPLUSPLUSFLAGS = (
					"-ffast-math",
					"-fomit-frame-pointer",
					"-Wfatal-errors",
					"-Wunused-value",
					"-Wundef",
				);
				OTHER_LDFLAGS = (
					"-lc++",
					"-framework CoreFoundation",
					"-framework Foundation",
					"-framework IOKit",
					"-framework OpenGLES",
					"-framework QuartzCore",
					"-framework UIKit",
				);
				SDKROOT = iphoneos;
				STANDARD_C_PLUS_PLUS_LIBRARY_TYPE = static;
				SYMROOT = "../../ios-arm/bin";
				WARNING_CFLAGS = "-Wall";
			};
			name = Release;
		};
/* End XCBuildConfiguration section */

/* Begin XCConfigurationList section */
		A769E227932C134C3C7A24C8 /* Build configuration list for PBXNativeTarget "texturev.app" */ = {
			isa = XCConfigurationList;
			buildConfigurations = (
				3A7703EDA68FEA166F3C7AB0 /* Debug */,
				F4A41972608828B2698B56EE /* Release */,
			);
			defaultConfigurationIsVisible = 0;
			defaultConfigurationName = "Debug";
		};
		1DEB928908733DD80010E9CD /* Build configuration list for PBXProject "texturev" */ = {
			isa = XCConfigurationList;
			buildConfigurations = (
				08AC4566F492075E9DE36D7B /* Debug */,
				C330D81AAF82AF0A98A1EC1A /* Release */,
			);
			defaultConfigurationIsVisible = 0;
			defaultConfigurationName = "Debug";
		};
/* End XCConfigurationList section */

	};
	rootObject = __RootObject_ /* Project object */;
}
