// !$*UTF8*$!
{
	archiveVersion = 1;
	classes = {
	};
	objectVersion = 48;
	objects = {

/* Begin PBXBuildFile section */
		31D7F7AB1D805FDB46167B5A /* fs_mesh.bin.h in Headers */ = {isa = PBXBuildFile; fileRef = E027ED834C8D800AD56522E3 /* fs_mesh.bin.h */; };
		2CC944DA988FA1F6E1EA2F59 /* geometryv.cpp in Sources */ = {isa = PBXBuildFile; fileRef = 5425AD11C08A40984963E270 /* geometryv.cpp */; };
		AF9F421A1B669F3664C12D99 /* vs_mesh.bin.h in Headers */ = {isa = PBXBuildFile; fileRef = 9E291BF58A3C1B4E3326F83A /* vs_mesh.bin.h */; };
		68275228D490E78A5DD49535 /* libexample-commonDebug.a in Frameworks */ = {isa = PBXBuildFile; fileRef = 37B05AA62386E1A30C30FCF6 /* libexample-commonDebug.a */; };
		D0F2EFF2BC8932A8653EA9A8 /* libbimg_decodeDebug.a in Frameworks */ = {isa = PBXBuildFile; fileRef = FF2178316BB5D9DF749C4996 /* libbimg_decodeDebug.a */; };
		FE32ED936A1AD8897308DA05 /* libbimgDebug.a in Frameworks */ = {isa = PBXBuildFile; fileRef = 4DFA87D1398E7D79A252D72D /* libbimgDebug.a */; };
		167577FA82B0D7BD8BA5544D /* libbgfxDebug.a in Frameworks */ = {isa = PBXBuildFile; fileRef = 653E631151A629DFBA113EF5 /* libbgfxDebug.a */; };
		B0AE8EFF1C75EB1B65D0797E /* libbxDebug.a in Frameworks */ = {isa = PBXBuildFile; fileRef = 3F5773CF2B6A7328D4535015 /* libbxDebug.a */; };
/* End PBXBuildFile section */

/* Begin PBXContainerItemProxy section */
		5079F35B3CD263DF65CC4579 /* PBXContainerItemProxy */ = {
			isa = PBXContainerItemProxy;
			containerPortal = D57062DCC19DAE0DEA7E511E /* example-common.xcodeproj */;
			proxyType = 2;
			remoteGlobalIDString = 9D8CE35A09FB38DA52E4F3D9;
			remoteInfo = "libexample-commonDebug.a";
		};
		2A1BDEE616744E6A3F6E3004 /* PBXContainerItemProxy */ = {
			isa = PBXContainerItemProxy;
			containerPortal = D57062DCC19DAE0DEA7E511E /* example-common.xcodeproj */;
			proxyType = 1;
			remoteGlobalIDString = E3DC407FCF2D2CC1F8911A83;
			remoteInfo = "libexample-commonDebug.a";
		};
		888623D3F450F52D3D57F452 /* PBXContainerItemProxy */ = {
			isa = PBXContainerItemProxy;
			containerPortal = A43B3729105A4BF659275108 /* bimg_decode.xcodeproj */;
			proxyType = 2;
			remoteGlobalIDString = 7D6367F06989315752CFB622;
			remoteInfo = "libbimg_decodeDebug.a";
		};
		02D8BBAF6EA28D0AB7A88C2F /* PBXContainerItemProxy */ = {
			isa = PBXContainerItemProxy;
			containerPortal = A43B3729105A4BF659275108 /* bimg_decode.xcodeproj */;
			proxyType = 1;
			remoteGlobalIDString = C35735362F701C60F81CACF9;
			remoteInfo = "libbimg_decodeDebug.a";
		};
		2DA983211914442DC22FA992 /* PBXContainerItemProxy */ = {
			isa = PBXContainerItemProxy;
			containerPortal = F2537077DE921AF38715F724 /* bimg.xcodeproj */;
			proxyType = 2;
			remoteGlobalIDString = 5ACAB1E8C601FA7FCF0B5EA3;
			remoteInfo = "libbimgDebug.a";
		};
		C775B160B3E0716C5CFCD6D1 /* PBXContainerItemProxy */ = {
			isa = PBXContainerItemProxy;
			containerPortal = F2537077DE921AF38715F724 /* bimg.xcodeproj */;
			proxyType = 1;
			remoteGlobalIDString = 00D72F0FECD05861D53DEF71;
			remoteInfo = "libbimgDebug.a";
		};
		5E8C09AC4AF7C9B7F3122F1D /* PBXContainerItemProxy */ = {
			isa = PBXContainerItemProxy;
			containerPortal = 2396022F0FD5ACAAB85789DC /* bgfx.xcodeproj */;
			proxyType = 2;
			remoteGlobalIDString = 02DC17D86E13606F771DC492;
			remoteInfo = "libbgfxDebug.a";
		};
		F85837EBE4C3F7F68DDF5C5C /* PBXContainerItemProxy */ = {
			isa = PBXContainerItemProxy;
			containerPortal = 2396022F0FD5ACAAB85789DC /* bgfx.xcodeproj */;
			proxyType = 1;
			remoteGlobalIDString = A853C66B944DEFBD7DBA85CE;
			remoteInfo = "libbgfxDebug.a";
		};
		4DA30017397848CA622788C6 /* PBXContainerItemProxy */ = {
			isa = PBXContainerItemProxy;
			containerPortal = 2916A51C15BF0C4C3E5528CB /* bx.xcodeproj */;
			proxyType = 2;
			remoteGlobalIDString = D5D335834140F17D0A3489DB;
			remoteInfo = "libbxDebug.a";
		};
		7EA72B356A7C73E8932BB3E4 /* PBXContainerItemProxy */ = {
			isa = PBXContainerItemProxy;
			containerPortal = 2916A51C15BF0C4C3E5528CB /* bx.xcodeproj */;
			proxyType = 1;
			remoteGlobalIDString = 1B1D4BC607ACD48FB0CAE88A;
			remoteInfo = "libbxDebug.a";
		};
/* End PBXContainerItemProxy section */

/* Begin PBXFileReference section */
		E027ED834C8D800AD56522E3 /* fs_mesh.bin.h */ = {isa = PBXFileReference; lastKnownFileType = sourcecode.c.h; name = "fs_mesh.bin.h"; path = "fs_mesh.bin.h"; sourceTree = "<group>"; };
		E96600B5D5E3F3F7FE60F40B /* fs_mesh.sc */ = {isa = PBXFileReference; lastKnownFileType = text; name = "fs_mesh.sc"; path = "fs_mesh.sc"; sourceTree = "<group>"; };
		5425AD11C08A40984963E270 /* geometryv.cpp */ = {isa = PBXFileReference; lastKnownFileType = sourcecode.cpp.cpp; name = "geometryv.cpp"; path = "geometryv.cpp"; sourceTree = "<group>"; };
		A8BE030D144EC5F71D4AA60F /* makefile */ = {isa = PBXFileReference; lastKnownFileType = text; name = "makefile"; path = "makefile"; sourceTree = "<group>"; };
		6CF91282D86915FBA1888F83 /* varying.def.sc */ = {isa = PBXFileReference; lastKnownFileType = text; name = "varying.def.sc"; path = "varying.def.sc"; sourceTree = "<group>"; };
		9E291BF58A3C1B4E3326F83A /* vs_mesh.bin.h */ = {isa = PBXFileReference; lastKnownFileType = sourcecode.c.h; name = "vs_mesh.bin.h"; path = "vs_mesh.bin.h"; sourceTree = "<group>"; };
		67918172D3ABE4131CCEF4A7 /* vs_mesh.sc */ = {isa = PBXFileReference; lastKnownFileType = text; name = "vs_mesh.sc"; path = "vs_mesh.sc"; sourceTree = "<group>"; };
		776623D0E39D6B67ECA7CF8A /* geometryvDebug */ = {isa = PBXFileReference; explicitFileType = "compiled.mach-o.executable"; includeInIndex = 0; name = "geometryvDebug"; path = "geometryvDebug"; sourceTree = BUILT_PRODUCTS_DIR; };
		D57062DCC19DAE0DEA7E511E /* example-common.xcodeproj */ = {isa = PBXFileReference; lastKnownFileType = "wrapper.pb-project"; name = "example-common.xcodeproj"; path = "example-common.xcodeproj"; sourceTree = SOURCE_ROOT; };
		A43B3729105A4BF659275108 /* bimg_decode.xcodeproj */ = {isa = PBXFileReference; lastKnownFileType = "wrapper.pb-project"; name = "bimg_decode.xcodeproj"; path = "bimg_decode.xcodeproj"; sourceTree = SOURCE_ROOT; };
		F2537077DE921AF38715F724 /* bimg.xcodeproj */ = {isa = PBXFileReference; lastKnownFileType = "wrapper.pb-project"; name = "bimg.xcodeproj"; path = "bimg.xcodeproj"; sourceTree = SOURCE_ROOT; };
		2396022F0FD5ACAAB85789DC /* bgfx.xcodeproj */ = {isa = PBXFileReference; lastKnownFileType = "wrapper.pb-project"; name = "bgfx.xcodeproj"; path = "bgfx.xcodeproj"; sourceTree = SOURCE_ROOT; };
		2916A51C15BF0C4C3E5528CB /* bx.xcodeproj */ = {isa = PBXFileReference; lastKnownFileType = "wrapper.pb-project"; name = "bx.xcodeproj"; path = "bx.xcodeproj"; sourceTree = SOURCE_ROOT; };
/* End PBXFileReference section */

/* Begin PBXFrameworksBuildPhase section */
		2C04266598CA8281E12511E4 /* Frameworks */ = {
			isa = PBXFrameworksBuildPhase;
			buildActionMask = 2147483647;
			files = (
				68275228D490E78A5DD49535 /* libexample-commonDebug.a in Frameworks */,
				D0F2EFF2BC8932A8653EA9A8 /* libbimg_decodeDebug.a in Frameworks */,
				FE32ED936A1AD8897308DA05 /* libbimgDebug.a in Frameworks */,
				167577FA82B0D7BD8BA5544D /* libbgfxDebug.a in Frameworks */,
				B0AE8EFF1C75EB1B65D0797E /* libbxDebug.a in Frameworks */,
			);
			runOnlyForDeploymentPostprocessing = 0;
		};
/* End PBXFrameworksBuildPhase section */

/* Begin PBXGroup section */
		ECE125AC58196E436123D266 /* geometryv */ = {
			isa = PBXGroup;
			children = (
				9C8487BF08E664CD9153AB7F /* tools */,
				B2B7F93D1EEF41D527F9A5F8 /* Products */,
				C980CA7B35B812133EC27636 /* Projects */,
			);
			name = "geometryv";
			path = ".";
			sourceTree = "<group>";
		};
		9C8487BF08E664CD9153AB7F /* tools */ = {
			isa = PBXGroup;
			children = (
				4E048E52BA1C757C83C90416 /* geometryv */,
			);
			name = "tools";
			path = "../../../tools";
			sourceTree = "<group>";
		};
		4E048E52BA1C757C83C90416 /* geometryv */ = {
			isa = PBXGroup;
			children = (
				E027ED834C8D800AD56522E3 /* fs_mesh.bin.h */,
				E96600B5D5E3F3F7FE60F40B /* fs_mesh.sc */,
				5425AD11C08A40984963E270 /* geometryv.cpp */,
				A8BE030D144EC5F71D4AA60F /* makefile */,
				6CF91282D86915FBA1888F83 /* varying.def.sc */,
				9E291BF58A3C1B4E3326F83A /* vs_mesh.bin.h */,
				67918172D3ABE4131CCEF4A7 /* vs_mesh.sc */,
			);
			name = "geometryv";
			path = "geometryv";
			sourceTree = "<group>";
		};
		B2B7F93D1EEF41D527F9A5F8 /* Products */ = {
			isa = PBXGroup;
			children = (
				776623D0E39D6B67ECA7CF8A /* geometryvDebug */,
			);
			name = "Products";
			sourceTree = "<group>";
		};
		C980CA7B35B812133EC27636 /* Projects */ = {
			isa = PBXGroup;
			children = (
				D57062DCC19DAE0DEA7E511E /* example-common.xcodeproj */,
				A43B3729105A4BF659275108 /* bimg_decode.xcodeproj */,
				F2537077DE921AF38715F724 /* bimg.xcodeproj */,
				2396022F0FD5ACAAB85789DC /* bgfx.xcodeproj */,
				2916A51C15BF0C4C3E5528CB /* bx.xcodeproj */,
			);
			name = "Projects";
			path = ".";
			sourceTree = "<group>";
		};
		EFF723685BE336C964BC3D42 /* Products */ = {
			isa = PBXGroup;
			children = (
				37B05AA62386E1A30C30FCF6 /* libexample-commonDebug.a */,
			);
			name = Products;
			sourceTree = "<group>";
		};
		87028561732FD1929C1074A3 /* Products */ = {
			isa = PBXGroup;
			children = (
				FF2178316BB5D9DF749C4996 /* libbimg_decodeDebug.a */,
			);
			name = Products;
			sourceTree = "<group>";
		};
		6C4D2659D80ACF8F61D5BAF7 /* Products */ = {
			isa = PBXGroup;
			children = (
				4DFA87D1398E7D79A252D72D /* libbimgDebug.a */,
			);
			name = Products;
			sourceTree = "<group>";
		};
		7D0EF4C9E9CB9C0072968868 /* Products */ = {
			isa = PBXGroup;
			children = (
				653E631151A629DFBA113EF5 /* libbgfxDebug.a */,
			);
			name = Products;
			sourceTree = "<group>";
		};
		CC8F0E453877F93A4165FBB6 /* Products */ = {
			isa = PBXGroup;
			children = (
				3F5773CF2B6A7328D4535015 /* libbxDebug.a */,
			);
			name = Products;
			sourceTree = "<group>";
		};
/* End PBXGroup section */

/* Begin PBXNativeTarget section */
		7DE39FC869DDC81A524A5F2B /* geometryv */ = {
			isa = PBXNativeTarget;
			buildConfigurationList = B1EC640A1DB3C126660E5089 /* Build configuration list for PBXNativeTarget "geometryv" */;
			buildPhases = (
				13996CAB7F5FC9C7C8BA572A /* Resources */,
				02CE1EC46E947BE0B7EF0943 /* Sources */,
				2C04266598CA8281E12511E4 /* Frameworks */,
			);
			buildRules = (
			);
			dependencies = (
				5BF7A3A1C7E2B602D0BBBD7B /* PBXTargetDependency */,
				AA6746FE9694922FBF753540 /* PBXTargetDependency */,
				18C520008482C9360D4DB59E /* PBXTargetDependency */,
				2986EE70954397A71E0E830F /* PBXTargetDependency */,
				AF0F7EB51BF768AB24E56A27 /* PBXTargetDependency */,
			);
			name = "geometryv";
			productInstallPath = "$(HOME)/bin";
			productName = "geometryv";
			productReference = 776623D0E39D6B67ECA7CF8A /* geometryvDebug */;
			productType = "com.apple.product-type.tool";
		};
/* End PBXNativeTarget section */

/* Begin PBXProject section */
		__RootObject_ /* Project object */ = {
			isa = PBXProject;
			buildConfigurationList = 1DEB928908733DD80010E9CD /* Build configuration list for PBXProject "geometryv" */;
			compatibilityVersion = "Xcode 8.0";
			hasScannedForEncodings = 1;
			mainGroup = ECE125AC58196E436123D266 /* geometryv */;
			projectDirPath = "";
			projectReferences = (
				{
					ProductGroup = EFF723685BE336C964BC3D42 /* Products */;
					ProjectRef = D57062DCC19DAE0DEA7E511E /* example-common.xcodeproj */;
				},
				{
					ProductGroup = 87028561732FD1929C1074A3 /* Products */;
					ProjectRef = A43B3729105A4BF659275108 /* bimg_decode.xcodeproj */;
				},
				{
					ProductGroup = 6C4D2659D80ACF8F61D5BAF7 /* Products */;
					ProjectRef = F2537077DE921AF38715F724 /* bimg.xcodeproj */;
				},
				{
					ProductGroup = 7D0EF4C9E9CB9C0072968868 /* Products */;
					ProjectRef = 2396022F0FD5ACAAB85789DC /* bgfx.xcodeproj */;
				},
				{
					ProductGroup = CC8F0E453877F93A4165FBB6 /* Products */;
					ProjectRef = 2916A51C15BF0C4C3E5528CB /* bx.xcodeproj */;
				},
			);
			projectRoot = "";
			targets = (
				7DE39FC869DDC81A524A5F2B /* geometryvDebug */,
			);
		};
/* End PBXProject section */

/* Begin PBXReferenceProxy section */
		37B05AA62386E1A30C30FCF6 /* libexample-commonDebug.a */ = {
			isa = PBXReferenceProxy;
			fileType = archive.ar;
			path = "../../../scripts/libexample-commonDebug.a";
			remoteRef = 5079F35B3CD263DF65CC4579 /* PBXContainerItemProxy */;
			sourceTree = BUILT_PRODUCTS_DIR;
		};
		FF2178316BB5D9DF749C4996 /* libbimg_decodeDebug.a */ = {
			isa = PBXReferenceProxy;
			fileType = archive.ar;
			path = "../../../../bimg/scripts/libbimg_decodeDebug.a";
			remoteRef = 888623D3F450F52D3D57F452 /* PBXContainerItemProxy */;
			sourceTree = BUILT_PRODUCTS_DIR;
		};
		4DFA87D1398E7D79A252D72D /* libbimgDebug.a */ = {
			isa = PBXReferenceProxy;
			fileType = archive.ar;
			path = "../../../../bimg/scripts/libbimgDebug.a";
			remoteRef = 2DA983211914442DC22FA992 /* PBXContainerItemProxy */;
			sourceTree = BUILT_PRODUCTS_DIR;
		};
		653E631151A629DFBA113EF5 /* libbgfxDebug.a */ = {
			isa = PBXReferenceProxy;
			fileType = archive.ar;
			path = "../../../scripts/libbgfxDebug.a";
			remoteRef = 5E8C09AC4AF7C9B7F3122F1D /* PBXContainerItemProxy */;
			sourceTree = BUILT_PRODUCTS_DIR;
		};
		3F5773CF2B6A7328D4535015 /* libbxDebug.a */ = {
			isa = PBXReferenceProxy;
			fileType = archive.ar;
			path = "../../../../bx/scripts/libbxDebug.a";
			remoteRef = 4DA30017397848CA622788C6 /* PBXContainerItemProxy */;
			sourceTree = BUILT_PRODUCTS_DIR;
		};
/* End PBXReferenceProxy section */

/* Begin PBXResourcesBuildPhase section */
		13996CAB7F5FC9C7C8BA572A /* Resources */ = {
			isa = PBXResourcesBuildPhase;
			buildActionMask = 2147483647;
			files = (
			);
			runOnlyForDeploymentPostprocessing = 0;
		};
/* End PBXResourcesBuildPhase section */

/* Begin PBXSourcesBuildPhase section */
		02CE1EC46E947BE0B7EF0943 /* Sources */ = {
			isa = PBXSourcesBuildPhase;
			buildActionMask = 2147483647;
			files = (
				2CC944DA988FA1F6E1EA2F59 /* geometryv.cpp in Sources */,
			);
			runOnlyForDeploymentPostprocessing = 0;
		};
/* End PBXSourcesBuildPhase section */

/* Begin PBXVariantGroup section */
/* End PBXVariantGroup section */

/* Begin PBXTargetDependency section */
		5BF7A3A1C7E2B602D0BBBD7B /* PBXTargetDependency */ = {
			isa = PBXTargetDependency;
			name = "libexample-commonDebug.a";
			targetProxy = 2A1BDEE616744E6A3F6E3004 /* PBXContainerItemProxy */;
		};
		AA6746FE9694922FBF753540 /* PBXTargetDependency */ = {
			isa = PBXTargetDependency;
			name = "libbimg_decodeDebug.a";
			targetProxy = 02D8BBAF6EA28D0AB7A88C2F /* PBXContainerItemProxy */;
		};
		18C520008482C9360D4DB59E /* PBXTargetDependency */ = {
			isa = PBXTargetDependency;
			name = "libbimgDebug.a";
			targetProxy = C775B160B3E0716C5CFCD6D1 /* PBXContainerItemProxy */;
		};
		2986EE70954397A71E0E830F /* PBXTargetDependency */ = {
			isa = PBXTargetDependency;
			name = "libbgfxDebug.a";
			targetProxy = F85837EBE4C3F7F68DDF5C5C /* PBXContainerItemProxy */;
		};
		AF0F7EB51BF768AB24E56A27 /* PBXTargetDependency */ = {
			isa = PBXTargetDependency;
			name = "libbxDebug.a";
			targetProxy = 7EA72B356A7C73E8932BB3E4 /* PBXContainerItemProxy */;
		};
/* End PBXTargetDependency section */

/* Begin XCBuildConfiguration section */
		AD360F7E191A1EBE221D4CFA /* Debug */ = {
			isa = XCBuildConfiguration;
			buildSettings = {
				ALWAYS_SEARCH_USER_PATHS = NO;
				CONFIGURATION_BUILD_DIR = ../../../scripts;
				GCC_DYNAMIC_NO_PIC = NO;
				GCC_MODEL_TUNING = G5;
				INSTALL_PATH = /usr/local/bin;
				MACOSX_DEPLOYMENT_TARGET = 10.11;
				PRODUCT_NAME = geometryvDebug;
			};
			name = Debug;
		};
		270D1375937B68F4DC6423F4 /* Release */ = {
			isa = XCBuildConfiguration;
			buildSettings = {
				ALWAYS_SEARCH_USER_PATHS = NO;
				CONFIGURATION_BUILD_DIR = ../../../scripts;
				GCC_DYNAMIC_NO_PIC = NO;
				GCC_MODEL_TUNING = G5;
				INSTALL_PATH = /usr/local/bin;
				MACOSX_DEPLOYMENT_TARGET = 10.11;
				PRODUCT_NAME = geometryvRelease;
			};
			name = Release;
		};
		9ECC89A38A1E6193733D9EA3 /* Debug */ = {
			isa = XCBuildConfiguration;
			buildSettings = {
				CLANG_CXX_LANGUAGE_STANDARD = "c++14";
				CLANG_WARN_BLOCK_CAPTURE_AUTORELEASING = YES;
				CLANG_WARN_BOOL_CONVERSION = YES;
				CLANG_WARN_COMMA = YES;
				CLANG_WARN_CONSTANT_CONVERSION = YES;
				CLANG_WARN_EMPTY_BODY = YES;
				CLANG_WARN_ENUM_CONVERSION = YES;
				CLANG_WARN_INFINITE_RECURSION = YES;
				CLANG_WARN_INT_CONVERSION = YES;
				CLANG_WARN_NON_LITERAL_NULL_CONVERSION = YES;
				CLANG_WARN_OBJC_LITERAL_CONVERSION = YES;
				CLANG_WARN_RANGE_LOOP_ANALYSIS = YES;
				CLANG_WARN_STRICT_PROTOTYPES = YES;
				CLANG_WARN_SUSPICIOUS_MOVE = YES;
				CLANG_WARN_UNREACHABLE_CODE = YES;
				CLANG_WARN__DUPLICATE_METHOD_MATCH = YES;
				CONFIGURATION_BUILD_DIR = "$(SYMROOT)";
				CONFIGURATION_TEMP_DIR = "$(OBJROOT)";
				COPY_PHASE_STRIP = NO;
				ENABLE_STRICT_OBJC_MSGSEND = YES;
				ENABLE_TESTABILITY = YES;
				GCC_C_LANGUAGE_STANDARD = gnu99;
				GCC_ENABLE_CPP_EXCEPTIONS = NO;
				GCC_ENABLE_CPP_RTTI = NO;
				GCC_ENABLE_OBJC_EXCEPTIONS = NO;
				GCC_NO_COMMON_BLOCKS = YES;
				GCC_OPTIMIZATION_LEVEL = 0;
				GCC_PREPROCESSOR_DEFINITIONS = (
					__STDC_LIMIT_MACROS,
					__STDC_FORMAT_MACROS,
					__STDC_CONSTANT_MACROS,
					_DEBUG,
					"BX_CONFIG_DEBUG=1",
				);
				GCC_SYMBOLS_PRIVATE_EXTERN = NO;
				GCC_WARN_64_TO_32_BIT_CONVERSION = YES;
				GCC_WARN_ABOUT_RETURN_TYPE = YES;
				GCC_WARN_UNDECLARED_SELECTOR = YES;
				GCC_WARN_UNINITIALIZED_AUTOS = YES;
				GCC_WARN_UNUSED_FUNCTION = YES;
				GCC_WARN_UNUSED_VARIABLE = YES;
				HEADER_SEARCH_PATHS = (
					../../../../bx/include/compat/osx,
					../../../../bimg/include,
					../../../include,
					../../../3rdparty,
					../../../examples/common,
					../../../../bx/include,
				);
				OBJROOT = obj/Debug/geometryv;
				ONLY_ACTIVE_ARCH = YES;
				OTHER_CFLAGS = (
					"-fomit-frame-pointer",
					"-ffast-math",
					"-Wshadow",
					"-Wfatal-errors",
					"-Wunused-value",
					"-Wundef",
				);
				OTHER_CPLUSPLUSFLAGS = (
					"-fomit-frame-pointer",
					"-ffast-math",
					"-Wshadow",
					"-Wfatal-errors",
					"-Wunused-value",
					"-Wundef",
				);
				OTHER_LDFLAGS = (
					"-framework Cocoa",
					"-framework IOKit",
					"-framework Metal",
					"-framework OpenGL",
					"-framework QuartzCore",
				);
				SDKROOT = macosx;
				STANDARD_C_PLUS_PLUS_LIBRARY_TYPE = static;
				SYMROOT = ../../../scripts;
				WARNING_CFLAGS = "-Wall";
			};
			name = Debug;
		};
		F93E247DE5BB17C00E3918D4 /* Release */ = {
			isa = XCBuildConfiguration;
			buildSettings = {
				CLANG_CXX_LANGUAGE_STANDARD = "c++14";
				CLANG_WARN_BLOCK_CAPTURE_AUTORELEASING = YES;
				CLANG_WARN_BOOL_CONVERSION = YES;
				CLANG_WARN_COMMA = YES;
				CLANG_WARN_CONSTANT_CONVERSION = YES;
				CLANG_WARN_EMPTY_BODY = YES;
				CLANG_WARN_ENUM_CONVERSION = YES;
				CLANG_WARN_INFINITE_RECURSION = YES;
				CLANG_WARN_INT_CONVERSION = YES;
				CLANG_WARN_NON_LITERAL_NULL_CONVERSION = YES;
				CLANG_WARN_OBJC_LITERAL_CONVERSION = YES;
				CLANG_WARN_RANGE_LOOP_ANALYSIS = YES;
				CLANG_WARN_STRICT_PROTOTYPES = YES;
				CLANG_WARN_SUSPICIOUS_MOVE = YES;
				CLANG_WARN_UNREACHABLE_CODE = YES;
				CLANG_WARN__DUPLICATE_METHOD_MATCH = YES;
				CONFIGURATION_BUILD_DIR = "$(SYMROOT)";
				CONFIGURATION_TEMP_DIR = "$(OBJROOT)";
				COPY_PHASE_STRIP = NO;
				ENABLE_STRICT_OBJC_MSGSEND = YES;
				ENABLE_TESTABILITY = YES;
				GCC_C_LANGUAGE_STANDARD = gnu99;
				GCC_ENABLE_CPP_EXCEPTIONS = NO;
				GCC_ENABLE_CPP_RTTI = NO;
				GCC_ENABLE_OBJC_EXCEPTIONS = NO;
				GCC_NO_COMMON_BLOCKS = YES;
				GCC_OPTIMIZATION_LEVEL = 3;
				GCC_PREPROCESSOR_DEFINITIONS = (
					__STDC_LIMIT_MACROS,
					__STDC_FORMAT_MACROS,
					__STDC_CONSTANT_MACROS,
					NDEBUG,
					"BX_CONFIG_DEBUG=0",
				);
				GCC_SYMBOLS_PRIVATE_EXTERN = NO;
				GCC_WARN_64_TO_32_BIT_CONVERSION = YES;
				GCC_WARN_ABOUT_RETURN_TYPE = YES;
				GCC_WARN_UNDECLARED_SELECTOR = YES;
				GCC_WARN_UNINITIALIZED_AUTOS = YES;
				GCC_WARN_UNUSED_FUNCTION = YES;
				GCC_WARN_UNUSED_VARIABLE = YES;
				HEADER_SEARCH_PATHS = (
					../../../../bx/include/compat/osx,
					../../../../bimg/include,
					../../../include,
					../../../3rdparty,
					../../../examples/common,
					../../../../bx/include,
				);
				OBJROOT = obj/Release/geometryv;
				ONLY_ACTIVE_ARCH = YES;
				OTHER_CFLAGS = (
					"-fomit-frame-pointer",
					"-ffast-math",
					"-Wshadow",
					"-Wfatal-errors",
					"-Wunused-value",
					"-Wundef",
				);
				OTHER_CPLUSPLUSFLAGS = (
					"-fomit-frame-pointer",
					"-ffast-math",
					"-Wshadow",
					"-Wfatal-errors",
					"-Wunused-value",
					"-Wundef",
				);
				OTHER_LDFLAGS = (
					"-framework Cocoa",
					"-framework IOKit",
					"-framework Metal",
					"-framework OpenGL",
					"-framework QuartzCore",
				);
				SDKROOT = macosx;
				STANDARD_C_PLUS_PLUS_LIBRARY_TYPE = static;
				SYMROOT = ../../../scripts;
				WARNING_CFLAGS = "-Wall";
			};
			name = Release;
		};
/* End XCBuildConfiguration section */

/* Begin XCConfigurationList section */
		B1EC640A1DB3C126660E5089 /* Build configuration list for PBXNativeTarget "geometryvDebug" */ = {
			isa = XCConfigurationList;
			buildConfigurations = (
				AD360F7E191A1EBE221D4CFA /* Debug */,
				270D1375937B68F4DC6423F4 /* Release */,
			);
			defaultConfigurationIsVisible = 0;
			defaultConfigurationName = "Debug";
		};
		1DEB928908733DD80010E9CD /* Build configuration list for PBXProject "geometryv" */ = {
			isa = XCConfigurationList;
			buildConfigurations = (
				9ECC89A38A1E6193733D9EA3 /* Debug */,
				F93E247DE5BB17C00E3918D4 /* Release */,
			);
			defaultConfigurationIsVisible = 0;
			defaultConfigurationName = "Debug";
		};
/* End XCConfigurationList section */

	};
	rootObject = __RootObject_ /* Project object */;
}
